
Microsoft Visual Studio Solution File, Format Version 12.00
# Visual Studio 15
VisualStudioVersion = 15.0.28307.539
MinimumVisualStudioVersion = 10.0.40219.1
Project("{FAE04EC0-301F-11D3-BF4B-00C04F79EFBC}") = "QnAMakerQuickStart", "QnAMakerQuickStart\QnAMakerQuickStart.csproj", "{B8C483A6-5DD4-4A3D-94F3-A3B3FF70BE67}"
EndProject
Global
	GlobalSection(SolutionConfigurationPlatforms) = preSolution
		Debug|Any CPU = Debug|Any CPU
		Release|Any CPU = Release|Any CPU
	EndGlobalSection
	GlobalSection(ProjectConfigurationPlatforms) = postSolution
		{B8C483A6-5DD4-4A3D-94F3-A3B3FF70BE67}.Debug|Any CPU.ActiveCfg = Debug|Any CPU
		{B8C483A6-5DD4-4A3D-94F3-A3B3FF70BE67}.Debug|Any CPU.Build.0 = Debug|Any CPU
		{B8C483A6-5DD4-4A3D-94F3-A3B3FF70BE67}.Release|Any CPU.ActiveCfg = Release|Any CPU
		{B8C483A6-5DD4-4A3D-94F3-A3B3FF70BE67}.Release|Any CPU.Build.0 = Release|Any CPU
	EndGlobalSection
	GlobalSection(SolutionProperties) = preSolution
		HideSolutionNode = FALSE
	EndGlobalSection
	GlobalSection(ExtensibilityGlobals) = postSolution
		SolutionGuid = {C9F21C1F-1513-47CE-9F99-A65D62E11253}
	EndGlobalSection
EndGlobal
